
Microsoft Visual Studio Solution File, Format Version 12.00
# Visual Studio Version 16
VisualStudioVersion = 16.0.30523.141
MinimumVisualStudioVersion = 10.0.40219.1
Project("{2150E333-8FDC-42A3-9474-1A3956D46DE8}") = "Solution Items", "Solution Items", "{3C7CFA4A-5FEC-4548-8409-99987E643834}"
	ProjectSection(SolutionItems) = preProject
		.editorconfig = .editorconfig
		CONTRIBUTING.md = CONTRIBUTING.md
		LICENSE.txt = LICENSE.txt
		README.md = README.md
	EndProjectSection
EndProject
Project("{FAE04EC0-301F-11D3-BF4B-00C04F79EFBC}") = "PHOTOLAB", "PHOTOLAB.csproj", "{F9C24FAC-97A6-4FBD-9BA4-ACA3CFD4C9A0}"
EndProject
Project("{2150E333-8FDC-42A3-9474-1A3956D46DE8}") = "App-Studio", "App-Studio", "{E4F31ADD-9AF0-43DA-90F8-D67C72214356}"
	ProjectSection(SolutionItems) = preProject
		App-Studio\build.zip = App-Studio\build.zip
	EndProjectSection
EndProject
Global
	GlobalSection(SolutionConfigurationPlatforms) = preSolution
		Debug|ARM = Debug|ARM
		Debug|x64 = Debug|x64
		Debug|x86 = Debug|x86
		Release|ARM = Release|ARM
		Release|x64 = Release|x64
		Release|x86 = Release|x86
	EndGlobalSection
	GlobalSection(ProjectConfigurationPlatforms) = postSolution
		{F9C24FAC-97A6-4FBD-9BA4-ACA3CFD4C9A0}.Debug|ARM.ActiveCfg = Debug|ARM
		{F9C24FAC-97A6-4FBD-9BA4-ACA3CFD4C9A0}.Debug|ARM.Build.0 = Debug|ARM
		{F9C24FAC-97A6-4FBD-9BA4-ACA3CFD4C9A0}.Debug|ARM.Deploy.0 = Debug|ARM
		{F9C24FAC-97A6-4FBD-9BA4-ACA3CFD4C9A0}.Debug|x64.ActiveCfg = Debug|x64
		{F9C24FAC-97A6-4FBD-9BA4-ACA3CFD4C9A0}.Debug|x64.Build.0 = Debug|x64
		{F9C24FAC-97A6-4FBD-9BA4-ACA3CFD4C9A0}.Debug|x64.Deploy.0 = Debug|x64
		{F9C24FAC-97A6-4FBD-9BA4-ACA3CFD4C9A0}.Debug|x86.ActiveCfg = Debug|x86
		{F9C24FAC-97A6-4FBD-9BA4-ACA3CFD4C9A0}.Debug|x86.Build.0 = Debug|x86
		{F9C24FAC-97A6-4FBD-9BA4-ACA3CFD4C9A0}.Debug|x86.Deploy.0 = Debug|x86
		{F9C24FAC-97A6-4FBD-9BA4-ACA3CFD4C9A0}.Release|ARM.ActiveCfg = Release|ARM
		{F9C24FAC-97A6-4FBD-9BA4-ACA3CFD4C9A0}.Release|ARM.Build.0 = Release|ARM
		{F9C24FAC-97A6-4FBD-9BA4-ACA3CFD4C9A0}.Release|ARM.Deploy.0 = Release|ARM
		{F9C24FAC-97A6-4FBD-9BA4-ACA3CFD4C9A0}.Release|x64.ActiveCfg = Release|x64
		{F9C24FAC-97A6-4FBD-9BA4-ACA3CFD4C9A0}.Release|x64.Build.0 = Release|x64
		{F9C24FAC-97A6-4FBD-9BA4-ACA3CFD4C9A0}.Release|x64.Deploy.0 = Release|x64
		{F9C24FAC-97A6-4FBD-9BA4-ACA3CFD4C9A0}.Release|x86.ActiveCfg = Release|x86
		{F9C24FAC-97A6-4FBD-9BA4-ACA3CFD4C9A0}.Release|x86.Build.0 = Release|x86
		{F9C24FAC-97A6-4FBD-9BA4-ACA3CFD4C9A0}.Release|x86.Deploy.0 = Release|x86
	EndGlobalSection
	GlobalSection(SolutionProperties) = preSolution
		HideSolutionNode = FALSE
	EndGlobalSection
	GlobalSection(ExtensibilityGlobals) = postSolution
		SolutionGuid = {B4F64A51-14B3-460B-8FA5-DAC996D5BBDE}
	EndGlobalSection
EndGlobal
